
Microsoft Visual Studio Solution File, Format Version 12.00
# Visual Studio Version 17
VisualStudioVersion = 17.6.33723.286
MinimumVisualStudioVersion = 10.0.40219.1
Project("{FAE04EC0-301F-11D3-BF4B-00C04F79EFBC}") = "NCValidatorVersion2", "NCValidatorVersion2\NCValidatorVersion2.csproj", "{BFE76B2C-424A-41F6-9EF8-033036EE150F}"
EndProject
Global
	GlobalSection(SolutionConfigurationPlatforms) = preSolution
		Debug|Any CPU = Debug|Any CPU
		Release|Any CPU = Release|Any CPU
	EndGlobalSection
	GlobalSection(ProjectConfigurationPlatforms) = postSolution
		{BFE76B2C-424A-41F6-9EF8-033036EE150F}.Debug|Any CPU.ActiveCfg = Debug|Any CPU
		{BFE76B2C-424A-41F6-9EF8-033036EE150F}.Debug|Any CPU.Build.0 = Debug|Any CPU
		{BFE76B2C-424A-41F6-9EF8-033036EE150F}.Release|Any CPU.ActiveCfg = Release|Any CPU
		{BFE76B2C-424A-41F6-9EF8-033036EE150F}.Release|Any CPU.Build.0 = Release|Any CPU
	EndGlobalSection
	GlobalSection(SolutionProperties) = preSolution
		HideSolutionNode = FALSE
	EndGlobalSection
	GlobalSection(ExtensibilityGlobals) = postSolution
		SolutionGuid = {1CE3480A-EDD1-4191-9804-B7079D1D1236}
	EndGlobalSection
EndGlobal
